
Microsoft Visual Studio Solution File, Format Version 12.00
# Visual Studio Version 16
VisualStudioVersion = 16.0.32413.511
MinimumVisualStudioVersion = 10.0.40219.1
Project("{FAE04EC0-301F-11D3-BF4B-00C04F79EFBC}") = "Tarea planificación", "Tarea planificación\Tarea planificación.csproj", "{1E943728-6F07-4CCC-AB27-145A71F66A53}"
EndProject
Project("{FAE04EC0-301F-11D3-BF4B-00C04F79EFBC}") = "TPTest", "TPTest\TPTest.csproj", "{E47A3481-EB85-406D-9E40-38FE19413765}"
EndProject
Global
	GlobalSection(SolutionConfigurationPlatforms) = preSolution
		Debug|Any CPU = Debug|Any CPU
		Release|Any CPU = Release|Any CPU
	EndGlobalSection
	GlobalSection(ProjectConfigurationPlatforms) = postSolution
		{1E943728-6F07-4CCC-AB27-145A71F66A53}.Debug|Any CPU.ActiveCfg = Debug|Any CPU
		{1E943728-6F07-4CCC-AB27-145A71F66A53}.Debug|Any CPU.Build.0 = Debug|Any CPU
		{1E943728-6F07-4CCC-AB27-145A71F66A53}.Release|Any CPU.ActiveCfg = Release|Any CPU
		{1E943728-6F07-4CCC-AB27-145A71F66A53}.Release|Any CPU.Build.0 = Release|Any CPU
		{E47A3481-EB85-406D-9E40-38FE19413765}.Debug|Any CPU.ActiveCfg = Debug|Any CPU
		{E47A3481-EB85-406D-9E40-38FE19413765}.Debug|Any CPU.Build.0 = Debug|Any CPU
		{E47A3481-EB85-406D-9E40-38FE19413765}.Release|Any CPU.ActiveCfg = Release|Any CPU
		{E47A3481-EB85-406D-9E40-38FE19413765}.Release|Any CPU.Build.0 = Release|Any CPU
	EndGlobalSection
	GlobalSection(SolutionProperties) = preSolution
		HideSolutionNode = FALSE
	EndGlobalSection
	GlobalSection(ExtensibilityGlobals) = postSolution
		SolutionGuid = {F16E6689-207B-477D-B158-96BFC3D1E48B}
	EndGlobalSection
EndGlobal
